
Microsoft Visual Studio Solution File, Format Version 12.00
# Visual Studio Version 17
VisualStudioVersion = 17.14.36518.9 d17.14
MinimumVisualStudioVersion = 10.0.40219.1
Project("{FAE04EC0-301F-11D3-BF4B-00C04F79EFBC}") = "GitHubProject02", "GitHubProject02\GitHubProject02.csproj", "{20CA7EBB-C650-4195-A4A9-41C28F2D5216}"
EndProject
Global
	GlobalSection(SolutionConfigurationPlatforms) = preSolution
		Debug|Any CPU = Debug|Any CPU
		Release|Any CPU = Release|Any CPU
	EndGlobalSection
	GlobalSection(ProjectConfigurationPlatforms) = postSolution
		{20CA7EBB-C650-4195-A4A9-41C28F2D5216}.Debug|Any CPU.ActiveCfg = Debug|Any CPU
		{20CA7EBB-C650-4195-A4A9-41C28F2D5216}.Debug|Any CPU.Build.0 = Debug|Any CPU
		{20CA7EBB-C650-4195-A4A9-41C28F2D5216}.Release|Any CPU.ActiveCfg = Release|Any CPU
		{20CA7EBB-C650-4195-A4A9-41C28F2D5216}.Release|Any CPU.Build.0 = Release|Any CPU
	EndGlobalSection
	GlobalSection(SolutionProperties) = preSolution
		HideSolutionNode = FALSE
	EndGlobalSection
	GlobalSection(ExtensibilityGlobals) = postSolution
		SolutionGuid = {19B7C33E-2672-466C-9EC2-8E7CDEC48701}
	EndGlobalSection
EndGlobal
